// !$*UTF8*$!
{
	archiveVersion = 1;
	classes = {
	};
	objectVersion = 51;
	objects = {

/* Begin PBXBuildFile section */
		5785FA81FB03F30C7E4745AF /* Pods_11_feb.framework in Frameworks */ = {isa = PBXBuildFile; fileRef = 215F9256E30F7E9F50710038 /* Pods_11_feb.framework */; };
		CF0DBC28245CD570004EC7A7 /* AppContainerViewController.swift in Sources */ = {isa = PBXBuildFile; fileRef = CF0DBC27245CD570004EC7A7 /* AppContainerViewController.swift */; };
		CF0DBC2A245CD665004EC7A7 /* AppManager.swift in Sources */ = {isa = PBXBuildFile; fileRef = CF0DBC29245CD665004EC7A7 /* AppManager.swift */; };
		CF174A47245708F700442BD0 /* map2ViewController.swift in Sources */ = {isa = PBXBuildFile; fileRef = CF174A46245708F700442BD0 /* map2ViewController.swift */; };
		CF35420C240C10A400B45B91 /* Utilities.swift in Sources */ = {isa = PBXBuildFile; fileRef = CF35420B240C10A400B45B91 /* Utilities.swift */; };
		CF6679A32458A98900E6D2B4 /* randomShopAdd.swift in Sources */ = {isa = PBXBuildFile; fileRef = CF6679A22458A98900E6D2B4 /* randomShopAdd.swift */; };
		CF85D56524437813008D4377 /* shopsData.swift in Sources */ = {isa = PBXBuildFile; fileRef = CF85D56424437813008D4377 /* shopsData.swift */; };
		CF85D56924438148008D4377 /* DataTableViewController.swift in Sources */ = {isa = PBXBuildFile; fileRef = CF85D56824438148008D4377 /* DataTableViewController.swift */; };
		CF90C26A244CE3C5002FA6AE /* MapKit.framework in Frameworks */ = {isa = PBXBuildFile; fileRef = CF90C269244CE3C5002FA6AE /* MapKit.framework */; };
		CF95F69F245392CA0048CC3D /* extProfileViewController.swift in Sources */ = {isa = PBXBuildFile; fileRef = CF95F69E245392CA0048CC3D /* extProfileViewController.swift */; };
		CFA237F824116BFB006FF316 /* Constants.swift in Sources */ = {isa = PBXBuildFile; fileRef = CFA237F724116BFB006FF316 /* Constants.swift */; };
		CFA2381A2411829C006FF316 /* SignUpViewController.swift in Sources */ = {isa = PBXBuildFile; fileRef = CFA238192411829C006FF316 /* SignUpViewController.swift */; };
		CFA2381F241182C5006FF316 /* Receipt.swift in Sources */ = {isa = PBXBuildFile; fileRef = CFA2381E241182C5006FF316 /* Receipt.swift */; };
		CFA23821241182D1006FF316 /* LoginViewController.swift in Sources */ = {isa = PBXBuildFile; fileRef = CFA23820241182D1006FF316 /* LoginViewController.swift */; };
		CFA23823241182DC006FF316 /* CollectionViewController.swift in Sources */ = {isa = PBXBuildFile; fileRef = CFA23822241182DC006FF316 /* CollectionViewController.swift */; };
		CFA23825241182E5006FF316 /* ClickViewController.swift in Sources */ = {isa = PBXBuildFile; fileRef = CFA23824241182E5006FF316 /* ClickViewController.swift */; };
		CFA2382B24118322006FF316 /* FirstViewController.swift in Sources */ = {isa = PBXBuildFile; fileRef = CFA2382A24118322006FF316 /* FirstViewController.swift */; };
		CFB2A620244EE196004EE385 /* MenuViewController.swift in Sources */ = {isa = PBXBuildFile; fileRef = CFB2A61F244EE196004EE385 /* MenuViewController.swift */; };
		CFB2A622244F0C55004EE385 /* Shop.swift in Sources */ = {isa = PBXBuildFile; fileRef = CFB2A621244F0C55004EE385 /* Shop.swift */; };
		CFB2A624244F1D56004EE385 /* SlideInTransition.swift in Sources */ = {isa = PBXBuildFile; fileRef = CFB2A623244F1D56004EE385 /* SlideInTransition.swift */; };
		CFB2F7A723F314AB0084B96A /* AppDelegate.swift in Sources */ = {isa = PBXBuildFile; fileRef = CFB2F7A623F314AB0084B96A /* AppDelegate.swift */; };
		CFB2F7A923F314AB0084B96A /* SceneDelegate.swift in Sources */ = {isa = PBXBuildFile; fileRef = CFB2F7A823F314AB0084B96A /* SceneDelegate.swift */; };
		CFB2F7AE23F314AB0084B96A /* Main.storyboard in Resources */ = {isa = PBXBuildFile; fileRef = CFB2F7AC23F314AB0084B96A /* Main.storyboard */; };
		CFB2F7B023F314B00084B96A /* Assets.xcassets in Resources */ = {isa = PBXBuildFile; fileRef = CFB2F7AF23F314B00084B96A /* Assets.xcassets */; };
		CFB2F7B323F314B00084B96A /* LaunchScreen.storyboard in Resources */ = {isa = PBXBuildFile; fileRef = CFB2F7B123F314B00084B96A /* LaunchScreen.storyboard */; };
		CFCF47F5245B3A8F00C394E9 /* listShops.swift in Sources */ = {isa = PBXBuildFile; fileRef = CFCF47F4245B3A8F00C394E9 /* listShops.swift */; };
		CFCF47F9245B3D5900C394E9 /* sTableViewCell.swift in Sources */ = {isa = PBXBuildFile; fileRef = CFCF47F8245B3D5900C394E9 /* sTableViewCell.swift */; };
		CFCF47FB245B402400C394E9 /* userStatisticsClass.swift in Sources */ = {isa = PBXBuildFile; fileRef = CFCF47FA245B402400C394E9 /* userStatisticsClass.swift */; };
		CFCF47FD245B416A00C394E9 /* profileClass.swift in Sources */ = {isa = PBXBuildFile; fileRef = CFCF47FC245B416A00C394E9 /* profileClass.swift */; };
		CFDC2D9A241E6BE9001B0D55 /* CollectionViewCell.swift in Sources */ = {isa = PBXBuildFile; fileRef = CFDC2D99241E6BE9001B0D55 /* CollectionViewCell.swift */; };
		CFEAEBC323FADD4600648D9E /* GoogleService-Info.plist in Resources */ = {isa = PBXBuildFile; fileRef = CFEAEBC223FADD4600648D9E /* GoogleService-Info.plist */; };
		CFF6035D24145E7800757C9A /* ProfileViewController.swift in Sources */ = {isa = PBXBuildFile; fileRef = CFF6035C24145E7800757C9A /* ProfileViewController.swift */; };
		CFF60394241A485900757C9A /* ASDA-Logo.png in Resources */ = {isa = PBXBuildFile; fileRef = CFF60393241A485900757C9A /* ASDA-Logo.png */; };
/* End PBXBuildFile section */

/* Begin PBXFileReference section */
		0C94795272311F8FCE56306C /* Pods-11_feb.debug.xcconfig */ = {isa = PBXFileReference; includeInIndex = 1; lastKnownFileType = text.xcconfig; name = "Pods-11_feb.debug.xcconfig"; path = "Target Support Files/Pods-11_feb/Pods-11_feb.debug.xcconfig"; sourceTree = "<group>"; };
		15A12CB46E2A6139083414D9 /* Pods-11_feb.release.xcconfig */ = {isa = PBXFileReference; includeInIndex = 1; lastKnownFileType = text.xcconfig; name = "Pods-11_feb.release.xcconfig"; path = "Target Support Files/Pods-11_feb/Pods-11_feb.release.xcconfig"; sourceTree = "<group>"; };
		215F9256E30F7E9F50710038 /* Pods_11_feb.framework */ = {isa = PBXFileReference; explicitFileType = wrapper.framework; includeInIndex = 0; path = Pods_11_feb.framework; sourceTree = BUILT_PRODUCTS_DIR; };
		CF0DBC27245CD570004EC7A7 /* AppContainerViewController.swift */ = {isa = PBXFileReference; lastKnownFileType = sourcecode.swift; path = AppContainerViewController.swift; sourceTree = "<group>"; };
		CF0DBC29245CD665004EC7A7 /* AppManager.swift */ = {isa = PBXFileReference; lastKnownFileType = sourcecode.swift; path = AppManager.swift; sourceTree = "<group>"; };
		CF174A46245708F700442BD0 /* map2ViewController.swift */ = {isa = PBXFileReference; lastKnownFileType = sourcecode.swift; path = map2ViewController.swift; sourceTree = "<group>"; };
		CF35420B240C10A400B45B91 /* Utilities.swift */ = {isa = PBXFileReference; lastKnownFileType = sourcecode.swift; path = Utilities.swift; sourceTree = "<group>"; };
		CF6679A22458A98900E6D2B4 /* randomShopAdd.swift */ = {isa = PBXFileReference; lastKnownFileType = sourcecode.swift; path = randomShopAdd.swift; sourceTree = "<group>"; };
		CF85D56424437813008D4377 /* shopsData.swift */ = {isa = PBXFileReference; lastKnownFileType = sourcecode.swift; path = shopsData.swift; sourceTree = "<group>"; };
		CF85D56824438148008D4377 /* DataTableViewController.swift */ = {isa = PBXFileReference; lastKnownFileType = sourcecode.swift; path = DataTableViewController.swift; sourceTree = "<group>"; };
		CF90C269244CE3C5002FA6AE /* MapKit.framework */ = {isa = PBXFileReference; lastKnownFileType = wrapper.framework; name = MapKit.framework; path = System/Library/Frameworks/MapKit.framework; sourceTree = SDKROOT; };
		CF95F69E245392CA0048CC3D /* extProfileViewController.swift */ = {isa = PBXFileReference; lastKnownFileType = sourcecode.swift; name = extProfileViewController.swift; path = ViewControllers/New/extProfileViewController.swift; sourceTree = SOURCE_ROOT; };
		CFA237F724116BFB006FF316 /* Constants.swift */ = {isa = PBXFileReference; lastKnownFileType = sourcecode.swift; path = Constants.swift; sourceTree = "<group>"; };
		CFA238192411829C006FF316 /* SignUpViewController.swift */ = {isa = PBXFileReference; fileEncoding = 4; lastKnownFileType = sourcecode.swift; path = SignUpViewController.swift; sourceTree = "<group>"; };
		CFA2381E241182C5006FF316 /* Receipt.swift */ = {isa = PBXFileReference; fileEncoding = 4; lastKnownFileType = sourcecode.swift; path = Receipt.swift; sourceTree = "<group>"; };
		CFA23820241182D1006FF316 /* LoginViewController.swift */ = {isa = PBXFileReference; fileEncoding = 4; lastKnownFileType = sourcecode.swift; path = LoginViewController.swift; sourceTree = "<group>"; };
		CFA23822241182DC006FF316 /* CollectionViewController.swift */ = {isa = PBXFileReference; fileEncoding = 4; lastKnownFileType = sourcecode.swift; path = CollectionViewController.swift; sourceTree = "<group>"; };
		CFA23824241182E5006FF316 /* ClickViewController.swift */ = {isa = PBXFileReference; fileEncoding = 4; lastKnownFileType = sourcecode.swift; path = ClickViewController.swift; sourceTree = "<group>"; };
		CFA2382A24118322006FF316 /* FirstViewController.swift */ = {isa = PBXFileReference; fileEncoding = 4; lastKnownFileType = sourcecode.swift; path = FirstViewController.swift; sourceTree = "<group>"; };
		CFB2A61F244EE196004EE385 /* MenuViewController.swift */ = {isa = PBXFileReference; lastKnownFileType = sourcecode.swift; path = MenuViewController.swift; sourceTree = "<group>"; };
		CFB2A621244F0C55004EE385 /* Shop.swift */ = {isa = PBXFileReference; lastKnownFileType = sourcecode.swift; path = Shop.swift; sourceTree = "<group>"; };
		CFB2A623244F1D56004EE385 /* SlideInTransition.swift */ = {isa = PBXFileReference; lastKnownFileType = sourcecode.swift; path = SlideInTransition.swift; sourceTree = "<group>"; };
		CFB2F7A323F314AB0084B96A /* 11_feb.app */ = {isa = PBXFileReference; explicitFileType = wrapper.application; includeInIndex = 0; path = 11_feb.app; sourceTree = BUILT_PRODUCTS_DIR; };
		CFB2F7A623F314AB0084B96A /* AppDelegate.swift */ = {isa = PBXFileReference; lastKnownFileType = sourcecode.swift; path = AppDelegate.swift; sourceTree = "<group>"; };
		CFB2F7A823F314AB0084B96A /* SceneDelegate.swift */ = {isa = PBXFileReference; lastKnownFileType = sourcecode.swift; path = SceneDelegate.swift; sourceTree = "<group>"; };
		CFB2F7AD23F314AB0084B96A /* Base */ = {isa = PBXFileReference; lastKnownFileType = file.storyboard; name = Base; path = Base.lproj/Main.storyboard; sourceTree = "<group>"; };
		CFB2F7AF23F314B00084B96A /* Assets.xcassets */ = {isa = PBXFileReference; lastKnownFileType = folder.assetcatalog; path = Assets.xcassets; sourceTree = "<group>"; };
		CFB2F7B223F314B00084B96A /* Base */ = {isa = PBXFileReference; lastKnownFileType = file.storyboard; name = Base; path = Base.lproj/LaunchScreen.storyboard; sourceTree = "<group>"; };
		CFB2F7B423F314B00084B96A /* Info.plist */ = {isa = PBXFileReference; lastKnownFileType = text.plist.xml; path = Info.plist; sourceTree = "<group>"; };
		CFCF47F4245B3A8F00C394E9 /* listShops.swift */ = {isa = PBXFileReference; lastKnownFileType = sourcecode.swift; path = listShops.swift; sourceTree = "<group>"; };
		CFCF47F8245B3D5900C394E9 /* sTableViewCell.swift */ = {isa = PBXFileReference; lastKnownFileType = sourcecode.swift; path = sTableViewCell.swift; sourceTree = "<group>"; };
		CFCF47FA245B402400C394E9 /* userStatisticsClass.swift */ = {isa = PBXFileReference; lastKnownFileType = sourcecode.swift; path = userStatisticsClass.swift; sourceTree = "<group>"; };
		CFCF47FC245B416A00C394E9 /* profileClass.swift */ = {isa = PBXFileReference; lastKnownFileType = sourcecode.swift; path = profileClass.swift; sourceTree = "<group>"; };
		CFDC2D99241E6BE9001B0D55 /* CollectionViewCell.swift */ = {isa = PBXFileReference; fileEncoding = 4; lastKnownFileType = sourcecode.swift; path = CollectionViewCell.swift; sourceTree = "<group>"; };
		CFEAEBC223FADD4600648D9E /* GoogleService-Info.plist */ = {isa = PBXFileReference; lastKnownFileType = text.plist; path = "GoogleService-Info.plist"; sourceTree = SOURCE_ROOT; };
		CFF6035C24145E7800757C9A /* ProfileViewController.swift */ = {isa = PBXFileReference; lastKnownFileType = sourcecode.swift; path = ProfileViewController.swift; sourceTree = "<group>"; };
		CFF60393241A485900757C9A /* ASDA-Logo.png */ = {isa = PBXFileReference; lastKnownFileType = image.png; path = "ASDA-Logo.png"; sourceTree = "<group>"; };
/* End PBXFileReference section */

/* Begin PBXFrameworksBuildPhase section */
		CFB2F7A023F314AB0084B96A /* Frameworks */ = {
			isa = PBXFrameworksBuildPhase;
			buildActionMask = 2147483647;
			files = (
				CF90C26A244CE3C5002FA6AE /* MapKit.framework in Frameworks */,
				5785FA81FB03F30C7E4745AF /* Pods_11_feb.framework in Frameworks */,
			);
			runOnlyForDeploymentPostprocessing = 0;
		};
/* End PBXFrameworksBuildPhase section */

/* Begin PBXGroup section */
		60003962FDDF186F8D01DB5F /* Frameworks */ = {
			isa = PBXGroup;
			children = (
				CF90C269244CE3C5002FA6AE /* MapKit.framework */,
				215F9256E30F7E9F50710038 /* Pods_11_feb.framework */,
			);
			name = Frameworks;
			sourceTree = "<group>";
		};
		A9217FCF23CBB537855F5235 /* Pods */ = {
			isa = PBXGroup;
			children = (
				0C94795272311F8FCE56306C /* Pods-11_feb.debug.xcconfig */,
				15A12CB46E2A6139083414D9 /* Pods-11_feb.release.xcconfig */,
			);
			path = Pods;
			sourceTree = "<group>";
		};
		CFA2381B241182AC006FF316 /* ViewControllers */ = {
			isa = PBXGroup;
			children = (
				CFF603A4241A4F3100757C9A /* Good */,
				CFF603A5241A4F3E00757C9A /* New */,
				CFF603A7241A4F9900757C9A /* NeedWork */,
				CFF603A6241A4F4700757C9A /* Other */,
			);
			path = ViewControllers;
			sourceTree = "<group>";
		};
		CFB2F79A23F314AA0084B96A = {
			isa = PBXGroup;
			children = (
				CFF60390241A47C400757C9A /* TableViewCells */,
				CFA2381B241182AC006FF316 /* ViewControllers */,
				CFB2F7BC23F317750084B96A /* Resources */,
				CFB2F7A523F314AB0084B96A /* 11_feb */,
				CFB2F7A423F314AB0084B96A /* Products */,
				A9217FCF23CBB537855F5235 /* Pods */,
				60003962FDDF186F8D01DB5F /* Frameworks */,
			);
			sourceTree = "<group>";
		};
		CFB2F7A423F314AB0084B96A /* Products */ = {
			isa = PBXGroup;
			children = (
				CFB2F7A323F314AB0084B96A /* 11_feb.app */,
			);
			name = Products;
			sourceTree = "<group>";
		};
		CFB2F7A523F314AB0084B96A /* 11_feb */ = {
			isa = PBXGroup;
			children = (
				CFB2F7A623F314AB0084B96A /* AppDelegate.swift */,
				CFB2F7A823F314AB0084B96A /* SceneDelegate.swift */,
				CFB2F7AC23F314AB0084B96A /* Main.storyboard */,
				CFB2F7AF23F314B00084B96A /* Assets.xcassets */,
				CFF60393241A485900757C9A /* ASDA-Logo.png */,
				CFB2F7B123F314B00084B96A /* LaunchScreen.storyboard */,
				CFB2F7B423F314B00084B96A /* Info.plist */,
				CFEAEBC223FADD4600648D9E /* GoogleService-Info.plist */,
			);
			path = 11_feb;
			sourceTree = "<group>";
		};
		CFB2F7BC23F317750084B96A /* Resources */ = {
			isa = PBXGroup;
			children = (
				CF35420B240C10A400B45B91 /* Utilities.swift */,
				CFA237F724116BFB006FF316 /* Constants.swift */,
			);
			path = Resources;
			sourceTree = "<group>";
		};
		CFDC2DAC24228F25001B0D55 /* New Other */ = {
			isa = PBXGroup;
			children = (
				CFB2A61F244EE196004EE385 /* MenuViewController.swift */,
				CFB2A623244F1D56004EE385 /* SlideInTransition.swift */,
			);
			path = "New Other";
			sourceTree = "<group>";
		};
		CFF60390241A47C400757C9A /* TableViewCells */ = {
			isa = PBXGroup;
			children = (
			);
			path = TableViewCells;
			sourceTree = "<group>";
		};
		CFF603A4241A4F3100757C9A /* Good */ = {
			isa = PBXGroup;
			children = (
				CF0DBC27245CD570004EC7A7 /* AppContainerViewController.swift */,
				CF0DBC29245CD665004EC7A7 /* AppManager.swift */,
				CFA2382A24118322006FF316 /* FirstViewController.swift */,
				CFA238192411829C006FF316 /* SignUpViewController.swift */,
				CF95F69E245392CA0048CC3D /* extProfileViewController.swift */,
				CFA23820241182D1006FF316 /* LoginViewController.swift */,
				CFA23822241182DC006FF316 /* CollectionViewController.swift */,
				CF6679A22458A98900E6D2B4 /* randomShopAdd.swift */,
				CFDC2D99241E6BE9001B0D55 /* CollectionViewCell.swift */,
				CFA23824241182E5006FF316 /* ClickViewController.swift */,
				CF174A46245708F700442BD0 /* map2ViewController.swift */,
				CFB2A621244F0C55004EE385 /* Shop.swift */,
				CFA2381E241182C5006FF316 /* Receipt.swift */,
				CF85D56424437813008D4377 /* shopsData.swift */,
				CF85D56824438148008D4377 /* DataTableViewController.swift */,
				CFCF47F4245B3A8F00C394E9 /* listShops.swift */,
				CFCF47F8245B3D5900C394E9 /* sTableViewCell.swift */,
				CFF6035C24145E7800757C9A /* ProfileViewController.swift */,
				CFCF47FA245B402400C394E9 /* userStatisticsClass.swift */,
				CFCF47FC245B416A00C394E9 /* profileClass.swift */,
			);
			path = Good;
			sourceTree = "<group>";
		};
		CFF603A5241A4F3E00757C9A /* New */ = {
			isa = PBXGroup;
			children = (
				CFDC2DAC24228F25001B0D55 /* New Other */,
			);
			path = New;
			sourceTree = "<group>";
		};
		CFF603A6241A4F4700757C9A /* Other */ = {
			isa = PBXGroup;
			children = (
			);
			path = Other;
			sourceTree = "<group>";
		};
		CFF603A7241A4F9900757C9A /* NeedWork */ = {
			isa = PBXGroup;
			children = (
			);
			path = NeedWork;
			sourceTree = "<group>";
		};
/* End PBXGroup section */

/* Begin PBXNativeTarget section */
		CFB2F7A223F314AB0084B96A /* 11_feb */ = {
			isa = PBXNativeTarget;
			buildConfigurationList = CFB2F7B723F314B00084B96A /* Build configuration list for PBXNativeTarget "11_feb" */;
			buildPhases = (
				7A31093AD132A0FEE1DF0F5C /* [CP] Check Pods Manifest.lock */,
				CFB2F79F23F314AB0084B96A /* Sources */,
				CFB2F7A023F314AB0084B96A /* Frameworks */,
				CFB2F7A123F314AB0084B96A /* Resources */,
				EA907634689A4CF539DFF8E6 /* [CP] Embed Pods Frameworks */,
			);
			buildRules = (
			);
			dependencies = (
			);
			name = 11_feb;
			productName = 11_feb;
			productReference = CFB2F7A323F314AB0084B96A /* 11_feb.app */;
			productType = "com.apple.product-type.application";
		};
/* End PBXNativeTarget section */

/* Begin PBXProject section */
		CFB2F79B23F314AA0084B96A /* Project object */ = {
			isa = PBXProject;
			attributes = {
				LastSwiftUpdateCheck = 1130;
				LastUpgradeCheck = 1130;
				ORGANIZATIONNAME = "Annamaria Simon";
				TargetAttributes = {
					CFB2F7A223F314AB0084B96A = {
						CreatedOnToolsVersion = 11.3.1;
					};
				};
			};
			buildConfigurationList = CFB2F79E23F314AA0084B96A /* Build configuration list for PBXProject "11_feb" */;
			compatibilityVersion = "Xcode 9.3";
			developmentRegion = en;
			hasScannedForEncodings = 0;
			knownRegions = (
				en,
				Base,
			);
			mainGroup = CFB2F79A23F314AA0084B96A;
			productRefGroup = CFB2F7A423F314AB0084B96A /* Products */;
			projectDirPath = "";
			projectRoot = "";
			targets = (
				CFB2F7A223F314AB0084B96A /* 11_feb */,
			);
		};
/* End PBXProject section */

/* Begin PBXResourcesBuildPhase section */
		CFB2F7A123F314AB0084B96A /* Resources */ = {
			isa = PBXResourcesBuildPhase;
			buildActionMask = 2147483647;
			files = (
				CFB2F7B323F314B00084B96A /* LaunchScreen.storyboard in Resources */,
				CFF60394241A485900757C9A /* ASDA-Logo.png in Resources */,
				CFB2F7B023F314B00084B96A /* Assets.xcassets in Resources */,
				CFB2F7AE23F314AB0084B96A /* Main.storyboard in Resources */,
				CFEAEBC323FADD4600648D9E /* GoogleService-Info.plist in Resources */,
			);
			runOnlyForDeploymentPostprocessing = 0;
		};
/* End PBXResourcesBuildPhase section */

/* Begin PBXShellScriptBuildPhase section */
		7A31093AD132A0FEE1DF0F5C /* [CP] Check Pods Manifest.lock */ = {
			isa = PBXShellScriptBuildPhase;
			buildActionMask = 2147483647;
			files = (
			);
			inputFileListPaths = (
			);
			inputPaths = (
				"${PODS_PODFILE_DIR_PATH}/Podfile.lock",
				"${PODS_ROOT}/Manifest.lock",
			);
			name = "[CP] Check Pods Manifest.lock";
			outputFileListPaths = (
			);
			outputPaths = (
				"$(DERIVED_FILE_DIR)/Pods-11_feb-checkManifestLockResult.txt",
			);
			runOnlyForDeploymentPostprocessing = 0;
			shellPath = /bin/sh;
			shellScript = "diff \"${PODS_PODFILE_DIR_PATH}/Podfile.lock\" \"${PODS_ROOT}/Manifest.lock\" > /dev/null\nif [ $? != 0 ] ; then\n    # print error to STDERR\n    echo \"error: The sandbox is not in sync with the Podfile.lock. Run 'pod install' or update your CocoaPods installation.\" >&2\n    exit 1\nfi\n# This output is used by Xcode 'outputs' to avoid re-running this script phase.\necho \"SUCCESS\" > \"${SCRIPT_OUTPUT_FILE_0}\"\n";
			showEnvVarsInLog = 0;
		};
		EA907634689A4CF539DFF8E6 /* [CP] Embed Pods Frameworks */ = {
			isa = PBXShellScriptBuildPhase;
			buildActionMask = 2147483647;
			files = (
			);
			inputFileListPaths = (
				"${PODS_ROOT}/Target Support Files/Pods-11_feb/Pods-11_feb-frameworks-${CONFIGURATION}-input-files.xcfilelist",
			);
			name = "[CP] Embed Pods Frameworks";
			outputFileListPaths = (
				"${PODS_ROOT}/Target Support Files/Pods-11_feb/Pods-11_feb-frameworks-${CONFIGURATION}-output-files.xcfilelist",
			);
			runOnlyForDeploymentPostprocessing = 0;
			shellPath = /bin/sh;
			shellScript = "\"${PODS_ROOT}/Target Support Files/Pods-11_feb/Pods-11_feb-frameworks.sh\"\n";
			showEnvVarsInLog = 0;
		};
/* End PBXShellScriptBuildPhase section */

/* Begin PBXSourcesBuildPhase section */
		CFB2F79F23F314AB0084B96A /* Sources */ = {
			isa = PBXSourcesBuildPhase;
			buildActionMask = 2147483647;
			files = (
				CFA23823241182DC006FF316 /* CollectionViewController.swift in Sources */,
				CF174A47245708F700442BD0 /* map2ViewController.swift in Sources */,
				CFCF47F9245B3D5900C394E9 /* sTableViewCell.swift in Sources */,
				CFA23825241182E5006FF316 /* ClickViewController.swift in Sources */,
				CF35420C240C10A400B45B91 /* Utilities.swift in Sources */,
				CFDC2D9A241E6BE9001B0D55 /* CollectionViewCell.swift in Sources */,
				CFB2F7A723F314AB0084B96A /* AppDelegate.swift in Sources */,
				CFCF47FB245B402400C394E9 /* userStatisticsClass.swift in Sources */,
				CFF6035D24145E7800757C9A /* ProfileViewController.swift in Sources */,
				CFA2382B24118322006FF316 /* FirstViewController.swift in Sources */,
				CF6679A32458A98900E6D2B4 /* randomShopAdd.swift in Sources */,
				CFA2381F241182C5006FF316 /* Receipt.swift in Sources */,
				CF85D56524437813008D4377 /* shopsData.swift in Sources */,
				CFB2F7A923F314AB0084B96A /* SceneDelegate.swift in Sources */,
				CF85D56924438148008D4377 /* DataTableViewController.swift in Sources */,
				CFCF47FD245B416A00C394E9 /* profileClass.swift in Sources */,
				CFA23821241182D1006FF316 /* LoginViewController.swift in Sources */,
				CFB2A620244EE196004EE385 /* MenuViewController.swift in Sources */,
				CF95F69F245392CA0048CC3D /* extProfileViewController.swift in Sources */,
				CF0DBC2A245CD665004EC7A7 /* AppManager.swift in Sources */,
				CFA237F824116BFB006FF316 /* Constants.swift in Sources */,
				CFCF47F5245B3A8F00C394E9 /* listShops.swift in Sources */,
				CFB2A624244F1D56004EE385 /* SlideInTransition.swift in Sources */,
				CFB2A622244F0C55004EE385 /* Shop.swift in Sources */,
				CFA2381A2411829C006FF316 /* SignUpViewController.swift in Sources */,
				CF0DBC28245CD570004EC7A7 /* AppContainerViewController.swift in Sources */,
			);
			runOnlyForDeploymentPostprocessing = 0;
		};
/* End PBXSourcesBuildPhase section */

/* Begin PBXVariantGroup section */
		CFB2F7AC23F314AB0084B96A /* Main.storyboard */ = {
			isa = PBXVariantGroup;
			children = (
				CFB2F7AD23F314AB0084B96A /* Base */,
			);
			name = Main.storyboard;
			sourceTree = "<group>";
		};
		CFB2F7B123F314B00084B96A /* LaunchScreen.storyboard */ = {
			isa = PBXVariantGroup;
			children = (
				CFB2F7B223F314B00084B96A /* Base */,
			);
			name = LaunchScreen.storyboard;
			sourceTree = "<group>";
		};
/* End PBXVariantGroup section */

/* Begin XCBuildConfiguration section */
		CFB2F7B523F314B00084B96A /* Debug */ = {
			isa = XCBuildConfiguration;
			buildSettings = {
				ALWAYS_SEARCH_USER_PATHS = NO;
				CLANG_ANALYZER_NONNULL = YES;
				CLANG_ANALYZER_NUMBER_OBJECT_CONVERSION = YES_AGGRESSIVE;
				CLANG_CXX_LANGUAGE_STANDARD = "gnu++14";
				CLANG_CXX_LIBRARY = "libc++";
				CLANG_ENABLE_MODULES = YES;
				CLANG_ENABLE_OBJC_ARC = YES;
				CLANG_ENABLE_OBJC_WEAK = YES;
				CLANG_WARN_BLOCK_CAPTURE_AUTORELEASING = YES;
				CLANG_WARN_BOOL_CONVERSION = YES;
				CLANG_WARN_COMMA = YES;
				CLANG_WARN_CONSTANT_CONVERSION = YES;
				CLANG_WARN_DEPRECATED_OBJC_IMPLEMENTATIONS = YES;
				CLANG_WARN_DIRECT_OBJC_ISA_USAGE = YES_ERROR;
				CLANG_WARN_DOCUMENTATION_COMMENTS = YES;
				CLANG_WARN_EMPTY_BODY = YES;
				CLANG_WARN_ENUM_CONVERSION = YES;
				CLANG_WARN_INFINITE_RECURSION = YES;
				CLANG_WARN_INT_CONVERSION = YES;
				CLANG_WARN_NON_LITERAL_NULL_CONVERSION = YES;
				CLANG_WARN_OBJC_IMPLICIT_RETAIN_SELF = YES;
				CLANG_WARN_OBJC_LITERAL_CONVERSION = YES;
				CLANG_WARN_OBJC_ROOT_CLASS = YES_ERROR;
				CLANG_WARN_RANGE_LOOP_ANALYSIS = YES;
				CLANG_WARN_STRICT_PROTOTYPES = YES;
				CLANG_WARN_SUSPICIOUS_MOVE = YES;
				CLANG_WARN_UNGUARDED_AVAILABILITY = YES_AGGRESSIVE;
				CLANG_WARN_UNREACHABLE_CODE = YES;
				CLANG_WARN__DUPLICATE_METHOD_MATCH = YES;
				COPY_PHASE_STRIP = NO;
				DEBUG_INFORMATION_FORMAT = dwarf;
				ENABLE_STRICT_OBJC_MSGSEND = YES;
				ENABLE_TESTABILITY = YES;
				GCC_C_LANGUAGE_STANDARD = gnu11;
				GCC_DYNAMIC_NO_PIC = NO;
				GCC_NO_COMMON_BLOCKS = YES;
				GCC_OPTIMIZATION_LEVEL = 0;
				GCC_PREPROCESSOR_DEFINITIONS = (
					"DEBUG=1",
					"$(inherited)",
				);
				GCC_WARN_64_TO_32_BIT_CONVERSION = YES;
				GCC_WARN_ABOUT_RETURN_TYPE = YES_ERROR;
				GCC_WARN_UNDECLARED_SELECTOR = YES;
				GCC_WARN_UNINITIALIZED_AUTOS = YES_AGGRESSIVE;
				GCC_WARN_UNUSED_FUNCTION = YES;
				GCC_WARN_UNUSED_VARIABLE = YES;
				IPHONEOS_DEPLOYMENT_TARGET = 13.2;
				MTL_ENABLE_DEBUG_INFO = INCLUDE_SOURCE;
				MTL_FAST_MATH = YES;
				ONLY_ACTIVE_ARCH = YES;
				SDKROOT = iphoneos;
				SWIFT_ACTIVE_COMPILATION_CONDITIONS = DEBUG;
				SWIFT_OPTIMIZATION_LEVEL = "-Onone";
			};
			name = Debug;
		};
		CFB2F7B623F314B00084B96A /* Release */ = {
			isa = XCBuildConfiguration;
			buildSettings = {
				ALWAYS_SEARCH_USER_PATHS = NO;
				CLANG_ANALYZER_NONNULL = YES;
				CLANG_ANALYZER_NUMBER_OBJECT_CONVERSION = YES_AGGRESSIVE;
				CLANG_CXX_LANGUAGE_STANDARD = "gnu++14";
				CLANG_CXX_LIBRARY = "libc++";
				CLANG_ENABLE_MODULES = YES;
				CLANG_ENABLE_OBJC_ARC = YES;
				CLANG_ENABLE_OBJC_WEAK = YES;
				CLANG_WARN_BLOCK_CAPTURE_AUTORELEASING = YES;
				CLANG_WARN_BOOL_CONVERSION = YES;
				CLANG_WARN_COMMA = YES;
				CLANG_WARN_CONSTANT_CONVERSION = YES;
				CLANG_WARN_DEPRECATED_OBJC_IMPLEMENTATIONS = YES;
				CLANG_WARN_DIRECT_OBJC_ISA_USAGE = YES_ERROR;
				CLANG_WARN_DOCUMENTATION_COMMENTS = YES;
				CLANG_WARN_EMPTY_BODY = YES;
				CLANG_WARN_ENUM_CONVERSION = YES;
				CLANG_WARN_INFINITE_RECURSION = YES;
				CLANG_WARN_INT_CONVERSION = YES;
				CLANG_WARN_NON_LITERAL_NULL_CONVERSION = YES;
				CLANG_WARN_OBJC_IMPLICIT_RETAIN_SELF = YES;
				CLANG_WARN_OBJC_LITERAL_CONVERSION = YES;
				CLANG_WARN_OBJC_ROOT_CLASS = YES_ERROR;
				CLANG_WARN_RANGE_LOOP_ANALYSIS = YES;
				CLANG_WARN_STRICT_PROTOTYPES = YES;
				CLANG_WARN_SUSPICIOUS_MOVE = YES;
				CLANG_WARN_UNGUARDED_AVAILABILITY = YES_AGGRESSIVE;
				CLANG_WARN_UNREACHABLE_CODE = YES;
				CLANG_WARN__DUPLICATE_METHOD_MATCH = YES;
				COPY_PHASE_STRIP = NO;
				DEBUG_INFORMATION_FORMAT = "dwarf-with-dsym";
				ENABLE_NS_ASSERTIONS = NO;
				ENABLE_STRICT_OBJC_MSGSEND = YES;
				GCC_C_LANGUAGE_STANDARD = gnu11;
				GCC_NO_COMMON_BLOCKS = YES;
				GCC_WARN_64_TO_32_BIT_CONVERSION = YES;
				GCC_WARN_ABOUT_RETURN_TYPE = YES_ERROR;
				GCC_WARN_UNDECLARED_SELECTOR = YES;
				GCC_WARN_UNINITIALIZED_AUTOS = YES_AGGRESSIVE;
				GCC_WARN_UNUSED_FUNCTION = YES;
				GCC_WARN_UNUSED_VARIABLE = YES;
				IPHONEOS_DEPLOYMENT_TARGET = 13.2;
				MTL_ENABLE_DEBUG_INFO = NO;
				MTL_FAST_MATH = YES;
				SDKROOT = iphoneos;
				SWIFT_COMPILATION_MODE = wholemodule;
				SWIFT_OPTIMIZATION_LEVEL = "-O";
				VALIDATE_PRODUCT = YES;
			};
			name = Release;
		};
		CFB2F7B823F314B00084B96A /* Debug */ = {
			isa = XCBuildConfiguration;
			baseConfigurationReference = 0C94795272311F8FCE56306C /* Pods-11_feb.debug.xcconfig */;
			buildSettings = {
				ASSETCATALOG_COMPILER_APPICON_NAME = AppIcon;
				CODE_SIGN_STYLE = Automatic;
				DEVELOPMENT_TEAM = AP7R58Q9QV;
				INFOPLIST_FILE = 11_feb/Info.plist;
				LD_RUNPATH_SEARCH_PATHS = (
					"$(inherited)",
					"@executable_path/Frameworks",
				);
				PRODUCT_BUNDLE_IDENTIFIER = "com.ancsisimon.-1-feb";
				PRODUCT_NAME = "$(TARGET_NAME)";
				SWIFT_VERSION = 5.0;
				TARGETED_DEVICE_FAMILY = "1,2";
			};
			name = Debug;
		};
		CFB2F7B923F314B00084B96A /* Release */ = {
			isa = XCBuildConfiguration;
			baseConfigurationReference = 15A12CB46E2A6139083414D9 /* Pods-11_feb.release.xcconfig */;
			buildSettings = {
				ASSETCATALOG_COMPILER_APPICON_NAME = AppIcon;
				CODE_SIGN_STYLE = Automatic;
				DEVELOPMENT_TEAM = AP7R58Q9QV;
				INFOPLIST_FILE = 11_feb/Info.plist;
				LD_RUNPATH_SEARCH_PATHS = (
					"$(inherited)",
					"@executable_path/Frameworks",
				);
				PRODUCT_BUNDLE_IDENTIFIER = "com.ancsisimon.-1-feb";
				PRODUCT_NAME = "$(TARGET_NAME)";
				SWIFT_VERSION = 5.0;
				TARGETED_DEVICE_FAMILY = "1,2";
			};
			name = Release;
		};
/* End XCBuildConfiguration section */

/* Begin XCConfigurationList section */
		CFB2F79E23F314AA0084B96A /* Build configuration list for PBXProject "11_feb" */ = {
			isa = XCConfigurationList;
			buildConfigurations = (
				CFB2F7B523F314B00084B96A /* Debug */,
				CFB2F7B623F314B00084B96A /* Release */,
			);
			defaultConfigurationIsVisible = 0;
			defaultConfigurationName = Release;
		};
		CFB2F7B723F314B00084B96A /* Build configuration list for PBXNativeTarget "11_feb" */ = {
			isa = XCConfigurationList;
			buildConfigurations = (
				CFB2F7B823F314B00084B96A /* Debug */,
				CFB2F7B923F314B00084B96A /* Release */,
			);
			defaultConfigurationIsVisible = 0;
			defaultConfigurationName = Release;
		};
/* End XCConfigurationList section */
	};
	rootObject = CFB2F79B23F314AA0084B96A /* Project object */;
}
